
Microsoft Visual Studio Solution File, Format Version 12.00
# Visual Studio Version 16
VisualStudioVersion = 16.0.28407.52
MinimumVisualStudioVersion = 10.0.40219.1
Project("{FAE04EC0-301F-11D3-BF4B-00C04F79EFBC}") = "DiceRoller", "DiceRoller\DiceRoller.csproj", "{119C48FC-DF30-40B1-A001-9D85869D8EFB}"
EndProject
Global
	GlobalSection(SolutionConfigurationPlatforms) = preSolution
		Debug|Any CPU = Debug|Any CPU
		Release|Any CPU = Release|Any CPU
	EndGlobalSection
	GlobalSection(ProjectConfigurationPlatforms) = postSolution
		{119C48FC-DF30-40B1-A001-9D85869D8EFB}.Debug|Any CPU.ActiveCfg = Debug|Any CPU
		{119C48FC-DF30-40B1-A001-9D85869D8EFB}.Debug|Any CPU.Build.0 = Debug|Any CPU
		{119C48FC-DF30-40B1-A001-9D85869D8EFB}.Release|Any CPU.ActiveCfg = Release|Any CPU
		{119C48FC-DF30-40B1-A001-9D85869D8EFB}.Release|Any CPU.Build.0 = Release|Any CPU
	EndGlobalSection
	GlobalSection(SolutionProperties) = preSolution
		HideSolutionNode = FALSE
	EndGlobalSection
	GlobalSection(ExtensibilityGlobals) = postSolution
		SolutionGuid = {ED9D31E6-57C6-4162-8B7D-91A8AB0FC79E}
	EndGlobalSection
EndGlobal
